# This file is @generated by PDM.
# It is not intended for manual editing.

[metadata]
groups = ["default"]
strategy = ["inherit_metadata"]
lock_version = "4.5.0"
content_hash = "sha256:0946c87241c5a6b81088b996eb9cf9dc9d01aa59dd22c1fd03a4acf745c8f6ef"

[[metadata.targets]]
requires_python = ">=3.11"

[[package]]
name = "pymysql"
version = "1.1.1"
requires_python = ">=3.7"
summary = "Pure Python MySQL Driver"
groups = ["default"]
files = [
    {file = "PyMySQL-1.1.1-py3-none-any.whl", hash = "sha256:4de15da4c61dc132f4fb9ab763063e693d521a80fd0e87943b9a453dd4c19d6c"},
    {file = "pymysql-1.1.1.tar.gz", hash = "sha256:e127611aaf2b417403c60bf4dc570124aeb4a57f5f37b8e95ae399a42f904cd0"},
]
